// !$*UTF8*$!
{
	archiveVersion = 1;
	classes = {
	};
	objectVersion = 56;
	objects = {

/* Begin PBXBuildFile section */
		DC144BBD2C108E5600A457D4 /* SegundaViewController.swift in Sources */ = {isa = PBXBuildFile; fileRef = DC144BBB2C108E5600A457D4 /* SegundaViewController.swift */; };
		DC144BBE2C108E5600A457D4 /* SegundaViewController.xib in Resources */ = {isa = PBXBuildFile; fileRef = DC144BBC2C108E5600A457D4 /* SegundaViewController.xib */; };
		DC40FBC92BFE22B400748E42 /* Contato.swift in Sources */ = {isa = PBXBuildFile; fileRef = DC40FBC82BFE22B400748E42 /* Contato.swift */; };
		DC40FBCC2BFE25AF00748E42 /* ContatoFactory.swift in Sources */ = {isa = PBXBuildFile; fileRef = DC40FBCB2BFE25AF00748E42 /* ContatoFactory.swift */; };
		DC40FBCF2BFE2CE900748E42 /* ContatoTableViewCell.swift in Sources */ = {isa = PBXBuildFile; fileRef = DC40FBCE2BFE2CE900748E42 /* ContatoTableViewCell.swift */; };
		DC874A642BF4E74E00FFB94A /* AppDelegate.swift in Sources */ = {isa = PBXBuildFile; fileRef = DC874A632BF4E74E00FFB94A /* AppDelegate.swift */; };
		DC874A662BF4E74E00FFB94A /* SceneDelegate.swift in Sources */ = {isa = PBXBuildFile; fileRef = DC874A652BF4E74E00FFB94A /* SceneDelegate.swift */; };
		DC874A682BF4E74E00FFB94A /* ViewController.swift in Sources */ = {isa = PBXBuildFile; fileRef = DC874A672BF4E74E00FFB94A /* ViewController.swift */; };
		DC874A6B2BF4E74E00FFB94A /* Main.storyboard in Resources */ = {isa = PBXBuildFile; fileRef = DC874A692BF4E74E00FFB94A /* Main.storyboard */; };
		DC874A6D2BF4E75100FFB94A /* Assets.xcassets in Resources */ = {isa = PBXBuildFile; fileRef = DC874A6C2BF4E75100FFB94A /* Assets.xcassets */; };
		DC874A702BF4E75100FFB94A /* LaunchScreen.storyboard in Resources */ = {isa = PBXBuildFile; fileRef = DC874A6E2BF4E75100FFB94A /* LaunchScreen.storyboard */; };
/* End PBXBuildFile section */

/* Begin PBXFileReference section */
		DC144BBB2C108E5600A457D4 /* SegundaViewController.swift */ = {isa = PBXFileReference; lastKnownFileType = sourcecode.swift; path = SegundaViewController.swift; sourceTree = "<group>"; };
		DC144BBC2C108E5600A457D4 /* SegundaViewController.xib */ = {isa = PBXFileReference; lastKnownFileType = file.xib; path = SegundaViewController.xib; sourceTree = "<group>"; };
		DC40FBC82BFE22B400748E42 /* Contato.swift */ = {isa = PBXFileReference; lastKnownFileType = sourcecode.swift; path = Contato.swift; sourceTree = "<group>"; };
		DC40FBCB2BFE25AF00748E42 /* ContatoFactory.swift */ = {isa = PBXFileReference; lastKnownFileType = sourcecode.swift; path = ContatoFactory.swift; sourceTree = "<group>"; };
		DC40FBCE2BFE2CE900748E42 /* ContatoTableViewCell.swift */ = {isa = PBXFileReference; lastKnownFileType = sourcecode.swift; path = ContatoTableViewCell.swift; sourceTree = "<group>"; };
		DC874A602BF4E74D00FFB94A /* Atividade11.app */ = {isa = PBXFileReference; explicitFileType = wrapper.application; includeInIndex = 0; path = Atividade11.app; sourceTree = BUILT_PRODUCTS_DIR; };
		DC874A632BF4E74E00FFB94A /* AppDelegate.swift */ = {isa = PBXFileReference; lastKnownFileType = sourcecode.swift; path = AppDelegate.swift; sourceTree = "<group>"; };
		DC874A652BF4E74E00FFB94A /* SceneDelegate.swift */ = {isa = PBXFileReference; lastKnownFileType = sourcecode.swift; path = SceneDelegate.swift; sourceTree = "<group>"; };
		DC874A672BF4E74E00FFB94A /* ViewController.swift */ = {isa = PBXFileReference; lastKnownFileType = sourcecode.swift; path = ViewController.swift; sourceTree = "<group>"; };
		DC874A6A2BF4E74E00FFB94A /* Base */ = {isa = PBXFileReference; lastKnownFileType = file.storyboard; name = Base; path = Base.lproj/Main.storyboard; sourceTree = "<group>"; };
		DC874A6C2BF4E75100FFB94A /* Assets.xcassets */ = {isa = PBXFileReference; lastKnownFileType = folder.assetcatalog; path = Assets.xcassets; sourceTree = "<group>"; };
		DC874A6F2BF4E75100FFB94A /* Base */ = {isa = PBXFileReference; lastKnownFileType = file.storyboard; name = Base; path = Base.lproj/LaunchScreen.storyboard; sourceTree = "<group>"; };
		DC874A712BF4E75100FFB94A /* Info.plist */ = {isa = PBXFileReference; lastKnownFileType = text.plist.xml; path = Info.plist; sourceTree = "<group>"; };
/* End PBXFileReference section */

/* Begin PBXFrameworksBuildPhase section */
		DC874A5D2BF4E74D00FFB94A /* Frameworks */ = {
			isa = PBXFrameworksBuildPhase;
			buildActionMask = 2147483647;
			files = (
			);
			runOnlyForDeploymentPostprocessing = 0;
		};
/* End PBXFrameworksBuildPhase section */

/* Begin PBXGroup section */
		DC144BB82C108D8100A457D4 /* Telas */ = {
			isa = PBXGroup;
			children = (
				DC144BBB2C108E5600A457D4 /* SegundaViewController.swift */,
				DC144BBC2C108E5600A457D4 /* SegundaViewController.xib */,
			);
			path = Telas;
			sourceTree = "<group>";
		};
		DC40FBC72BFE227200748E42 /* Models */ = {
			isa = PBXGroup;
			children = (
				DC40FBC82BFE22B400748E42 /* Contato.swift */,
			);
			path = Models;
			sourceTree = "<group>";
		};
		DC40FBCA2BFE256600748E42 /* Factory */ = {
			isa = PBXGroup;
			children = (
				DC40FBCB2BFE25AF00748E42 /* ContatoFactory.swift */,
			);
			path = Factory;
			sourceTree = "<group>";
		};
		DC40FBCD2BFE2CC300748E42 /* Components */ = {
			isa = PBXGroup;
			children = (
				DC40FBCE2BFE2CE900748E42 /* ContatoTableViewCell.swift */,
			);
			path = Components;
			sourceTree = "<group>";
		};
		DC874A572BF4E74D00FFB94A = {
			isa = PBXGroup;
			children = (
				DC874A622BF4E74D00FFB94A /* Atividade11 */,
				DC874A612BF4E74D00FFB94A /* Products */,
			);
			sourceTree = "<group>";
		};
		DC874A612BF4E74D00FFB94A /* Products */ = {
			isa = PBXGroup;
			children = (
				DC874A602BF4E74D00FFB94A /* Atividade11.app */,
			);
			name = Products;
			sourceTree = "<group>";
		};
		DC874A622BF4E74D00FFB94A /* Atividade11 */ = {
			isa = PBXGroup;
			children = (
				DC144BB82C108D8100A457D4 /* Telas */,
				DC40FBCD2BFE2CC300748E42 /* Components */,
				DC40FBCA2BFE256600748E42 /* Factory */,
				DC40FBC72BFE227200748E42 /* Models */,
				DC874A632BF4E74E00FFB94A /* AppDelegate.swift */,
				DC874A652BF4E74E00FFB94A /* SceneDelegate.swift */,
				DC874A672BF4E74E00FFB94A /* ViewController.swift */,
				DC874A692BF4E74E00FFB94A /* Main.storyboard */,
				DC874A6C2BF4E75100FFB94A /* Assets.xcassets */,
				DC874A6E2BF4E75100FFB94A /* LaunchScreen.storyboard */,
				DC874A712BF4E75100FFB94A /* Info.plist */,
			);
			path = Atividade11;
			sourceTree = "<group>";
		};
/* End PBXGroup section */

/* Begin PBXNativeTarget section */
		DC874A5F2BF4E74D00FFB94A /* Atividade11 */ = {
			isa = PBXNativeTarget;
			buildConfigurationList = DC874A742BF4E75100FFB94A /* Build configuration list for PBXNativeTarget "Atividade11" */;
			buildPhases = (
				DC874A5C2BF4E74D00FFB94A /* Sources */,
				DC874A5D2BF4E74D00FFB94A /* Frameworks */,
				DC874A5E2BF4E74D00FFB94A /* Resources */,
			);
			buildRules = (
			);
			dependencies = (
			);
			name = Atividade11;
			productName = Atividade11;
			productReference = DC874A602BF4E74D00FFB94A /* Atividade11.app */;
			productType = "com.apple.product-type.application";
		};
/* End PBXNativeTarget section */

/* Begin PBXProject section */
		DC874A582BF4E74D00FFB94A /* Project object */ = {
			isa = PBXProject;
			attributes = {
				BuildIndependentTargetsInParallel = 1;
				LastSwiftUpdateCheck = 1420;
				LastUpgradeCheck = 1420;
				TargetAttributes = {
					DC874A5F2BF4E74D00FFB94A = {
						CreatedOnToolsVersion = 14.2;
					};
				};
			};
			buildConfigurationList = DC874A5B2BF4E74D00FFB94A /* Build configuration list for PBXProject "Atividade11" */;
			compatibilityVersion = "Xcode 14.0";
			developmentRegion = en;
			hasScannedForEncodings = 0;
			knownRegions = (
				en,
				Base,
			);
			mainGroup = DC874A572BF4E74D00FFB94A;
			productRefGroup = DC874A612BF4E74D00FFB94A /* Products */;
			projectDirPath = "";
			projectRoot = "";
			targets = (
				DC874A5F2BF4E74D00FFB94A /* Atividade11 */,
			);
		};
/* End PBXProject section */

/* Begin PBXResourcesBuildPhase section */
		DC874A5E2BF4E74D00FFB94A /* Resources */ = {
			isa = PBXResourcesBuildPhase;
			buildActionMask = 2147483647;
			files = (
				DC144BBE2C108E5600A457D4 /* SegundaViewController.xib in Resources */,
				DC874A702BF4E75100FFB94A /* LaunchScreen.storyboard in Resources */,
				DC874A6D2BF4E75100FFB94A /* Assets.xcassets in Resources */,
				DC874A6B2BF4E74E00FFB94A /* Main.storyboard in Resources */,
			);
			runOnlyForDeploymentPostprocessing = 0;
		};
/* End PBXResourcesBuildPhase section */

/* Begin PBXSourcesBuildPhase section */
		DC874A5C2BF4E74D00FFB94A /* Sources */ = {
			isa = PBXSourcesBuildPhase;
			buildActionMask = 2147483647;
			files = (
				DC40FBCF2BFE2CE900748E42 /* ContatoTableViewCell.swift in Sources */,
				DC40FBCC2BFE25AF00748E42 /* ContatoFactory.swift in Sources */,
				DC144BBD2C108E5600A457D4 /* SegundaViewController.swift in Sources */,
				DC40FBC92BFE22B400748E42 /* Contato.swift in Sources */,
				DC874A682BF4E74E00FFB94A /* ViewController.swift in Sources */,
				DC874A642BF4E74E00FFB94A /* AppDelegate.swift in Sources */,
				DC874A662BF4E74E00FFB94A /* SceneDelegate.swift in Sources */,
			);
			runOnlyForDeploymentPostprocessing = 0;
		};
/* End PBXSourcesBuildPhase section */

/* Begin PBXVariantGroup section */
		DC874A692BF4E74E00FFB94A /* Main.storyboard */ = {
			isa = PBXVariantGroup;
			children = (
				DC874A6A2BF4E74E00FFB94A /* Base */,
			);
			name = Main.storyboard;
			sourceTree = "<group>";
		};
		DC874A6E2BF4E75100FFB94A /* LaunchScreen.storyboard */ = {
			isa = PBXVariantGroup;
			children = (
				DC874A6F2BF4E75100FFB94A /* Base */,
			);
			name = LaunchScreen.storyboard;
			sourceTree = "<group>";
		};
/* End PBXVariantGroup section */

/* Begin XCBuildConfiguration section */
		DC874A722BF4E75100FFB94A /* Debug */ = {
			isa = XCBuildConfiguration;
			buildSettings = {
				ALWAYS_SEARCH_USER_PATHS = NO;
				CLANG_ANALYZER_NONNULL = YES;
				CLANG_ANALYZER_NUMBER_OBJECT_CONVERSION = YES_AGGRESSIVE;
				CLANG_CXX_LANGUAGE_STANDARD = "gnu++20";
				CLANG_ENABLE_MODULES = YES;
				CLANG_ENABLE_OBJC_ARC = YES;
				CLANG_ENABLE_OBJC_WEAK = YES;
				CLANG_WARN_BLOCK_CAPTURE_AUTORELEASING = YES;
				CLANG_WARN_BOOL_CONVERSION = YES;
				CLANG_WARN_COMMA = YES;
				CLANG_WARN_CONSTANT_CONVERSION = YES;
				CLANG_WARN_DEPRECATED_OBJC_IMPLEMENTATIONS = YES;
				CLANG_WARN_DIRECT_OBJC_ISA_USAGE = YES_ERROR;
				CLANG_WARN_DOCUMENTATION_COMMENTS = YES;
				CLANG_WARN_EMPTY_BODY = YES;
				CLANG_WARN_ENUM_CONVERSION = YES;
				CLANG_WARN_INFINITE_RECURSION = YES;
				CLANG_WARN_INT_CONVERSION = YES;
				CLANG_WARN_NON_LITERAL_NULL_CONVERSION = YES;
				CLANG_WARN_OBJC_IMPLICIT_RETAIN_SELF = YES;
				CLANG_WARN_OBJC_LITERAL_CONVERSION = YES;
				CLANG_WARN_OBJC_ROOT_CLASS = YES_ERROR;
				CLANG_WARN_QUOTED_INCLUDE_IN_FRAMEWORK_HEADER = YES;
				CLANG_WARN_RANGE_LOOP_ANALYSIS = YES;
				CLANG_WARN_STRICT_PROTOTYPES = YES;
				CLANG_WARN_SUSPICIOUS_MOVE = YES;
				CLANG_WARN_UNGUARDED_AVAILABILITY = YES_AGGRESSIVE;
				CLANG_WARN_UNREACHABLE_CODE = YES;
				CLANG_WARN__DUPLICATE_METHOD_MATCH = YES;
				COPY_PHASE_STRIP = NO;
				DEBUG_INFORMATION_FORMAT = dwarf;
				ENABLE_STRICT_OBJC_MSGSEND = YES;
				ENABLE_TESTABILITY = YES;
				GCC_C_LANGUAGE_STANDARD = gnu11;
				GCC_DYNAMIC_NO_PIC = NO;
				GCC_NO_COMMON_BLOCKS = YES;
				GCC_OPTIMIZATION_LEVEL = 0;
				GCC_PREPROCESSOR_DEFINITIONS = (
					"DEBUG=1",
					"$(inherited)",
				);
				GCC_WARN_64_TO_32_BIT_CONVERSION = YES;
				GCC_WARN_ABOUT_RETURN_TYPE = YES_ERROR;
				GCC_WARN_UNDECLARED_SELECTOR = YES;
				GCC_WARN_UNINITIALIZED_AUTOS = YES_AGGRESSIVE;
				GCC_WARN_UNUSED_FUNCTION = YES;
				GCC_WARN_UNUSED_VARIABLE = YES;
				IPHONEOS_DEPLOYMENT_TARGET = 16.2;
				MTL_ENABLE_DEBUG_INFO = INCLUDE_SOURCE;
				MTL_FAST_MATH = YES;
				ONLY_ACTIVE_ARCH = YES;
				SDKROOT = iphoneos;
				SWIFT_ACTIVE_COMPILATION_CONDITIONS = DEBUG;
				SWIFT_OPTIMIZATION_LEVEL = "-Onone";
			};
			name = Debug;
		};
		DC874A732BF4E75100FFB94A /* Release */ = {
			isa = XCBuildConfiguration;
			buildSettings = {
				ALWAYS_SEARCH_USER_PATHS = NO;
				CLANG_ANALYZER_NONNULL = YES;
				CLANG_ANALYZER_NUMBER_OBJECT_CONVERSION = YES_AGGRESSIVE;
				CLANG_CXX_LANGUAGE_STANDARD = "gnu++20";
				CLANG_ENABLE_MODULES = YES;
				CLANG_ENABLE_OBJC_ARC = YES;
				CLANG_ENABLE_OBJC_WEAK = YES;
				CLANG_WARN_BLOCK_CAPTURE_AUTORELEASING = YES;
				CLANG_WARN_BOOL_CONVERSION = YES;
				CLANG_WARN_COMMA = YES;
				CLANG_WARN_CONSTANT_CONVERSION = YES;
				CLANG_WARN_DEPRECATED_OBJC_IMPLEMENTATIONS = YES;
				CLANG_WARN_DIRECT_OBJC_ISA_USAGE = YES_ERROR;
				CLANG_WARN_DOCUMENTATION_COMMENTS = YES;
				CLANG_WARN_EMPTY_BODY = YES;
				CLANG_WARN_ENUM_CONVERSION = YES;
				CLANG_WARN_INFINITE_RECURSION = YES;
				CLANG_WARN_INT_CONVERSION = YES;
				CLANG_WARN_NON_LITERAL_NULL_CONVERSION = YES;
				CLANG_WARN_OBJC_IMPLICIT_RETAIN_SELF = YES;
				CLANG_WARN_OBJC_LITERAL_CONVERSION = YES;
				CLANG_WARN_OBJC_ROOT_CLASS = YES_ERROR;
				CLANG_WARN_QUOTED_INCLUDE_IN_FRAMEWORK_HEADER = YES;
				CLANG_WARN_RANGE_LOOP_ANALYSIS = YES;
				CLANG_WARN_STRICT_PROTOTYPES = YES;
				CLANG_WARN_SUSPICIOUS_MOVE = YES;
				CLANG_WARN_UNGUARDED_AVAILABILITY = YES_AGGRESSIVE;
				CLANG_WARN_UNREACHABLE_CODE = YES;
				CLANG_WARN__DUPLICATE_METHOD_MATCH = YES;
				COPY_PHASE_STRIP = NO;
				DEBUG_INFORMATION_FORMAT = "dwarf-with-dsym";
				ENABLE_NS_ASSERTIONS = NO;
				ENABLE_STRICT_OBJC_MSGSEND = YES;
				GCC_C_LANGUAGE_STANDARD = gnu11;
				GCC_NO_COMMON_BLOCKS = YES;
				GCC_WARN_64_TO_32_BIT_CONVERSION = YES;
				GCC_WARN_ABOUT_RETURN_TYPE = YES_ERROR;
				GCC_WARN_UNDECLARED_SELECTOR = YES;
				GCC_WARN_UNINITIALIZED_AUTOS = YES_AGGRESSIVE;
				GCC_WARN_UNUSED_FUNCTION = YES;
				GCC_WARN_UNUSED_VARIABLE = YES;
				IPHONEOS_DEPLOYMENT_TARGET = 16.2;
				MTL_ENABLE_DEBUG_INFO = NO;
				MTL_FAST_MATH = YES;
				SDKROOT = iphoneos;
				SWIFT_COMPILATION_MODE = wholemodule;
				SWIFT_OPTIMIZATION_LEVEL = "-O";
				VALIDATE_PRODUCT = YES;
			};
			name = Release;
		};
		DC874A752BF4E75100FFB94A /* Debug */ = {
			isa = XCBuildConfiguration;
			buildSettings = {
				ASSETCATALOG_COMPILER_APPICON_NAME = AppIcon;
				ASSETCATALOG_COMPILER_GLOBAL_ACCENT_COLOR_NAME = AccentColor;
				CODE_SIGN_STYLE = Automatic;
				CURRENT_PROJECT_VERSION = 1;
				GENERATE_INFOPLIST_FILE = YES;
				INFOPLIST_FILE = Atividade11/Info.plist;
				INFOPLIST_KEY_UIApplicationSupportsIndirectInputEvents = YES;
				INFOPLIST_KEY_UILaunchStoryboardName = LaunchScreen;
				INFOPLIST_KEY_UIMainStoryboardFile = Main;
				INFOPLIST_KEY_UISupportedInterfaceOrientations = UIInterfaceOrientationPortrait;
				INFOPLIST_KEY_UISupportedInterfaceOrientations_iPad = "UIInterfaceOrientationLandscapeLeft UIInterfaceOrientationLandscapeRight UIInterfaceOrientationPortrait UIInterfaceOrientationPortraitUpsideDown";
				LD_RUNPATH_SEARCH_PATHS = (
					"$(inherited)",
					"@executable_path/Frameworks",
				);
				MARKETING_VERSION = 1.0;
				PRODUCT_BUNDLE_IDENTIFIER = cotemig.Atividade11;
				PRODUCT_NAME = "$(TARGET_NAME)";
				SWIFT_EMIT_LOC_STRINGS = YES;
				SWIFT_VERSION = 5.0;
				TARGETED_DEVICE_FAMILY = "1,2";
			};
			name = Debug;
		};
		DC874A762BF4E75100FFB94A /* Release */ = {
			isa = XCBuildConfiguration;
			buildSettings = {
				ASSETCATALOG_COMPILER_APPICON_NAME = AppIcon;
				ASSETCATALOG_COMPILER_GLOBAL_ACCENT_COLOR_NAME = AccentColor;
				CODE_SIGN_STYLE = Automatic;
				CURRENT_PROJECT_VERSION = 1;
				GENERATE_INFOPLIST_FILE = YES;
				INFOPLIST_FILE = Atividade11/Info.plist;
				INFOPLIST_KEY_UIApplicationSupportsIndirectInputEvents = YES;
				INFOPLIST_KEY_UILaunchStoryboardName = LaunchScreen;
				INFOPLIST_KEY_UIMainStoryboardFile = Main;
				INFOPLIST_KEY_UISupportedInterfaceOrientations = UIInterfaceOrientationPortrait;
				INFOPLIST_KEY_UISupportedInterfaceOrientations_iPad = "UIInterfaceOrientationLandscapeLeft UIInterfaceOrientationLandscapeRight UIInterfaceOrientationPortrait UIInterfaceOrientationPortraitUpsideDown";
				LD_RUNPATH_SEARCH_PATHS = (
					"$(inherited)",
					"@executable_path/Frameworks",
				);
				MARKETING_VERSION = 1.0;
				PRODUCT_BUNDLE_IDENTIFIER = cotemig.Atividade11;
				PRODUCT_NAME = "$(TARGET_NAME)";
				SWIFT_EMIT_LOC_STRINGS = YES;
				SWIFT_VERSION = 5.0;
				TARGETED_DEVICE_FAMILY = "1,2";
			};
			name = Release;
		};
/* End XCBuildConfiguration section */

/* Begin XCConfigurationList section */
		DC874A5B2BF4E74D00FFB94A /* Build configuration list for PBXProject "Atividade11" */ = {
			isa = XCConfigurationList;
			buildConfigurations = (
				DC874A722BF4E75100FFB94A /* Debug */,
				DC874A732BF4E75100FFB94A /* Release */,
			);
			defaultConfigurationIsVisible = 0;
			defaultConfigurationName = Release;
		};
		DC874A742BF4E75100FFB94A /* Build configuration list for PBXNativeTarget "Atividade11" */ = {
			isa = XCConfigurationList;
			buildConfigurations = (
				DC874A752BF4E75100FFB94A /* Debug */,
				DC874A762BF4E75100FFB94A /* Release */,
			);
			defaultConfigurationIsVisible = 0;
			defaultConfigurationName = Release;
		};
/* End XCConfigurationList section */
	};
	rootObject = DC874A582BF4E74D00FFB94A /* Project object */;
}
